
Microsoft Visual Studio Solution File, Format Version 12.00
# Visual Studio Version 17
VisualStudioVersion = 17.10.34928.147
MinimumVisualStudioVersion = 10.0.40219.1
Project("{FAE04EC0-301F-11D3-BF4B-00C04F79EFBC}") = "ApiListaCompras", "ApiListaCompras\ApiListaCompras.csproj", "{34AB0ED5-F37C-453F-A902-F53C2F1CE027}"
EndProject
Global
	GlobalSection(SolutionConfigurationPlatforms) = preSolution
		Debug|Any CPU = Debug|Any CPU
		Release|Any CPU = Release|Any CPU
	EndGlobalSection
	GlobalSection(ProjectConfigurationPlatforms) = postSolution
		{34AB0ED5-F37C-453F-A902-F53C2F1CE027}.Debug|Any CPU.ActiveCfg = Debug|Any CPU
		{34AB0ED5-F37C-453F-A902-F53C2F1CE027}.Debug|Any CPU.Build.0 = Debug|Any CPU
		{34AB0ED5-F37C-453F-A902-F53C2F1CE027}.Release|Any CPU.ActiveCfg = Release|Any CPU
		{34AB0ED5-F37C-453F-A902-F53C2F1CE027}.Release|Any CPU.Build.0 = Release|Any CPU
	EndGlobalSection
	GlobalSection(SolutionProperties) = preSolution
		HideSolutionNode = FALSE
	EndGlobalSection
	GlobalSection(ExtensibilityGlobals) = postSolution
		SolutionGuid = {F93F78D0-255C-494A-8AFC-CF7897D62D60}
	EndGlobalSection
EndGlobal
